version = 1
revision = 3
requires-python = ">=3.14"

[[package]]
name = "lizardbyte-actions-virtual-desktop"
version = "0.0.0"
source = { editable = "." }
dependencies = [
    { name = "pygobject", marker = "sys_platform == 'linux'" },
]

[package.metadata]
requires-dist = [{ name = "pygobject", marker = "sys_platform == 'linux'", specifier = "==3.58.0" }]

[[package]]
name = "pycairo"
version = "1.29.1"
source = { registry = "https://pypi.org/simple" }
sdist = { url = "https://files.pythonhosted.org/packages/26/7c/ab4637b028d9ee12280ab9342f28310e613d5ca30c4d72d2aebeaa6a4969/pycairo-1.29.1.tar.gz", hash = "sha256:4fbd26b4af24c9787d84cf5448e34eb8dca064b732479aaecd03109520eebd5f", size = 666272, upload-time = "2026-08-07T08:45:50.095Z" }

[[package]]
name = "pygobject"
version = "3.58.0"
source = { registry = "https://pypi.org/simple" }
dependencies = [
    { name = "pycairo" },
]
sdist = { url = "https://files.pythonhosted.org/packages/a3/9b/473a5234ec86bce978d3583adc62441c84cc57181c4ea8a8978997c7f0c1/pygobject-3.58.0.tar.gz", hash = "sha256:45068697de3ffe46840ca369705f23118b34db4f7deb63f6eff079a6734ddcca", size = 1408568, upload-time = "2026-08-28T06:50:27.22Z" }
