version = 1
revision = 3
requires-python = ">=3.14"

[[package]]
name = "lizardbyte-actions-virtual-desktop"
version = "0.0.0"
source = { editable = "." }
dependencies = [
    { name = "pygobject", marker = "sys_platform == 'linux'" },
]

[package.metadata]
requires-dist = [{ name = "pygobject", marker = "sys_platform == 'linux'", specifier = "==3.56.3" }]

[[package]]
name = "pycairo"
version = "1.29.1"
source = { registry = "https://pypi.org/simple" }
sdist = { url = "https://files.pythonhosted.org/packages/26/7c/ab4637b028d9ee12280ab9342f28310e613d5ca30c4d72d2aebeaa6a4969/pycairo-1.29.1.tar.gz", hash = "sha256:4fbd26b4af24c9787d84cf5448e34eb8dca064b732479aaecd03109520eebd5f", size = 666272, upload-time = "2026-08-07T08:45:50.095Z" }

[[package]]
name = "pygobject"
version = "3.56.3"
source = { registry = "https://pypi.org/simple" }
dependencies = [
    { name = "pycairo" },
]
sdist = { url = "https://files.pythonhosted.org/packages/da/61/978c5fbca34f10a90df362502fbb5a005637909e7b5a0e9212349ea9d010/pygobject-3.56.3.tar.gz", hash = "sha256:12760e4a0e3d04b6eb95e06f7a27e362c826d567ea613373a92c003b6c70d2d6", size = 1411853, upload-time = "2026-05-08T20:46:39.904Z" }
